
Microsoft Visual Studio Solution File, Format Version 12.00
# Visual Studio Version 17
VisualStudioVersion = 17.0.32126.317
MinimumVisualStudioVersion = 10.0.40219.1
Project("{9A19103F-16F7-4668-BE54-9A1E7A4F7556}") = "ProjectManagement", "ProjectManagement\ProjectManagement.csproj", "{B79BFFB4-8AC6-4EDE-97A5-CAAE9CCEC8D8}"
EndProject
Project("{9A19103F-16F7-4668-BE54-9A1E7A4F7556}") = "Entities", "Entities\Entities.csproj", "{93E1C4A3-AFD0-49BE-B3B4-5BC648EA1CFE}"
EndProject
Project("{9A19103F-16F7-4668-BE54-9A1E7A4F7556}") = "Contracts", "Contracts\Contracts.csproj", "{D3E92692-0D23-4D13-BCE9-B6E168674C8B}"
EndProject
Project("{9A19103F-16F7-4668-BE54-9A1E7A4F7556}") = "LoggerService", "LoggerService\LoggerService.csproj", "{D899A166-5FA0-4864-9355-4CC7BC8AF5DB}"
EndProject
Project("{9A19103F-16F7-4668-BE54-9A1E7A4F7556}") = "Repository", "Repository\Repository.csproj", "{3FD0BEF0-9136-4C48-856F-48C68A11A22F}"
EndProject
Project("{9A19103F-16F7-4668-BE54-9A1E7A4F7556}") = "Service", "Service\Service.csproj", "{81C9D366-7056-41B9-A0A5-52457FE8E31D}"
EndProject
Project("{9A19103F-16F7-4668-BE54-9A1E7A4F7556}") = "Service.Contracts", "Service.Contracts\Service.Contracts.csproj", "{2AE69792-60A0-4240-97B6-A6B54E830DC2}"
EndProject
Project("{9A19103F-16F7-4668-BE54-9A1E7A4F7556}") = "ProjectManagement.Presentation", "ProjectManagement.Presentation\ProjectManagement.Presentation.csproj", "{FC0F7D7C-B9E4-4A36-9649-D06AC4B7450B}"
EndProject
Project("{FAE04EC0-301F-11D3-BF4B-00C04F79EFBC}") = "Shared", "Shared\Shared.csproj", "{53170F67-88B5-48EF-AC2C-E67286F548D0}"
EndProject
Global
	GlobalSection(SolutionConfigurationPlatforms) = preSolution
		Debug|Any CPU = Debug|Any CPU
		Release|Any CPU = Release|Any CPU
	EndGlobalSection
	GlobalSection(ProjectConfigurationPlatforms) = postSolution
		{B79BFFB4-8AC6-4EDE-97A5-CAAE9CCEC8D8}.Debug|Any CPU.ActiveCfg = Debug|Any CPU
		{B79BFFB4-8AC6-4EDE-97A5-CAAE9CCEC8D8}.Debug|Any CPU.Build.0 = Debug|Any CPU
		{B79BFFB4-8AC6-4EDE-97A5-CAAE9CCEC8D8}.Release|Any CPU.ActiveCfg = Release|Any CPU
		{B79BFFB4-8AC6-4EDE-97A5-CAAE9CCEC8D8}.Release|Any CPU.Build.0 = Release|Any CPU
		{93E1C4A3-AFD0-49BE-B3B4-5BC648EA1CFE}.Debug|Any CPU.ActiveCfg = Debug|Any CPU
		{93E1C4A3-AFD0-49BE-B3B4-5BC648EA1CFE}.Debug|Any CPU.Build.0 = Debug|Any CPU
		{93E1C4A3-AFD0-49BE-B3B4-5BC648EA1CFE}.Release|Any CPU.ActiveCfg = Release|Any CPU
		{93E1C4A3-AFD0-49BE-B3B4-5BC648EA1CFE}.Release|Any CPU.Build.0 = Release|Any CPU
		{D3E92692-0D23-4D13-BCE9-B6E168674C8B}.Debug|Any CPU.ActiveCfg = Debug|Any CPU
		{D3E92692-0D23-4D13-BCE9-B6E168674C8B}.Debug|Any CPU.Build.0 = Debug|Any CPU
		{D3E92692-0D23-4D13-BCE9-B6E168674C8B}.Release|Any CPU.ActiveCfg = Release|Any CPU
		{D3E92692-0D23-4D13-BCE9-B6E168674C8B}.Release|Any CPU.Build.0 = Release|Any CPU
		{D899A166-5FA0-4864-9355-4CC7BC8AF5DB}.Debug|Any CPU.ActiveCfg = Debug|Any CPU
		{D899A166-5FA0-4864-9355-4CC7BC8AF5DB}.Debug|Any CPU.Build.0 = Debug|Any CPU
		{D899A166-5FA0-4864-9355-4CC7BC8AF5DB}.Release|Any CPU.ActiveCfg = Release|Any CPU
		{D899A166-5FA0-4864-9355-4CC7BC8AF5DB}.Release|Any CPU.Build.0 = Release|Any CPU
		{3FD0BEF0-9136-4C48-856F-48C68A11A22F}.Debug|Any CPU.ActiveCfg = Debug|Any CPU
		{3FD0BEF0-9136-4C48-856F-48C68A11A22F}.Debug|Any CPU.Build.0 = Debug|Any CPU
		{3FD0BEF0-9136-4C48-856F-48C68A11A22F}.Release|Any CPU.ActiveCfg = Release|Any CPU
		{3FD0BEF0-9136-4C48-856F-48C68A11A22F}.Release|Any CPU.Build.0 = Release|Any CPU
		{81C9D366-7056-41B9-A0A5-52457FE8E31D}.Debug|Any CPU.ActiveCfg = Debug|Any CPU
		{81C9D366-7056-41B9-A0A5-52457FE8E31D}.Debug|Any CPU.Build.0 = Debug|Any CPU
		{81C9D366-7056-41B9-A0A5-52457FE8E31D}.Release|Any CPU.ActiveCfg = Release|Any CPU
		{81C9D366-7056-41B9-A0A5-52457FE8E31D}.Release|Any CPU.Build.0 = Release|Any CPU
		{2AE69792-60A0-4240-97B6-A6B54E830DC2}.Debug|Any CPU.ActiveCfg = Debug|Any CPU
		{2AE69792-60A0-4240-97B6-A6B54E830DC2}.Debug|Any CPU.Build.0 = Debug|Any CPU
		{2AE69792-60A0-4240-97B6-A6B54E830DC2}.Release|Any CPU.ActiveCfg = Release|Any CPU
		{2AE69792-60A0-4240-97B6-A6B54E830DC2}.Release|Any CPU.Build.0 = Release|Any CPU
		{FC0F7D7C-B9E4-4A36-9649-D06AC4B7450B}.Debug|Any CPU.ActiveCfg = Debug|Any CPU
		{FC0F7D7C-B9E4-4A36-9649-D06AC4B7450B}.Debug|Any CPU.Build.0 = Debug|Any CPU
		{FC0F7D7C-B9E4-4A36-9649-D06AC4B7450B}.Release|Any CPU.ActiveCfg = Release|Any CPU
		{FC0F7D7C-B9E4-4A36-9649-D06AC4B7450B}.Release|Any CPU.Build.0 = Release|Any CPU
		{53170F67-88B5-48EF-AC2C-E67286F548D0}.Debug|Any CPU.ActiveCfg = Debug|Any CPU
		{53170F67-88B5-48EF-AC2C-E67286F548D0}.Debug|Any CPU.Build.0 = Debug|Any CPU
		{53170F67-88B5-48EF-AC2C-E67286F548D0}.Release|Any CPU.ActiveCfg = Release|Any CPU
		{53170F67-88B5-48EF-AC2C-E67286F548D0}.Release|Any CPU.Build.0 = Release|Any CPU
	EndGlobalSection
	GlobalSection(SolutionProperties) = preSolution
		HideSolutionNode = FALSE
	EndGlobalSection
	GlobalSection(ExtensibilityGlobals) = postSolution
		SolutionGuid = {C2747F17-3021-4A5B-B615-D05460BF71DF}
	EndGlobalSection
EndGlobal
