
Microsoft Visual Studio Solution File, Format Version 12.00
# Visual Studio Version 17
VisualStudioVersion = 17.0.32126.317
MinimumVisualStudioVersion = 10.0.40219.1
Project("{9A19103F-16F7-4668-BE54-9A1E7A4F7556}") = "ProjectManagement", "ProjectManagement\ProjectManagement.csproj", "{B79BFFB4-8AC6-4EDE-97A5-CAAE9CCEC8D8}"
EndProject
Project("{FAE04EC0-301F-11D3-BF4B-00C04F79EFBC}") = "Entities", "Entities\Entities.csproj", "{93E1C4A3-AFD0-49BE-B3B4-5BC648EA1CFE}"
EndProject
Global
	GlobalSection(SolutionConfigurationPlatforms) = preSolution
		Debug|Any CPU = Debug|Any CPU
		Release|Any CPU = Release|Any CPU
	EndGlobalSection
	GlobalSection(ProjectConfigurationPlatforms) = postSolution
		{B79BFFB4-8AC6-4EDE-97A5-CAAE9CCEC8D8}.Debug|Any CPU.ActiveCfg = Debug|Any CPU
		{B79BFFB4-8AC6-4EDE-97A5-CAAE9CCEC8D8}.Debug|Any CPU.Build.0 = Debug|Any CPU
		{B79BFFB4-8AC6-4EDE-97A5-CAAE9CCEC8D8}.Release|Any CPU.ActiveCfg = Release|Any CPU
		{B79BFFB4-8AC6-4EDE-97A5-CAAE9CCEC8D8}.Release|Any CPU.Build.0 = Release|Any CPU
		{93E1C4A3-AFD0-49BE-B3B4-5BC648EA1CFE}.Debug|Any CPU.ActiveCfg = Debug|Any CPU
		{93E1C4A3-AFD0-49BE-B3B4-5BC648EA1CFE}.Debug|Any CPU.Build.0 = Debug|Any CPU
		{93E1C4A3-AFD0-49BE-B3B4-5BC648EA1CFE}.Release|Any CPU.ActiveCfg = Release|Any CPU
		{93E1C4A3-AFD0-49BE-B3B4-5BC648EA1CFE}.Release|Any CPU.Build.0 = Release|Any CPU
	EndGlobalSection
	GlobalSection(SolutionProperties) = preSolution
		HideSolutionNode = FALSE
	EndGlobalSection
	GlobalSection(ExtensibilityGlobals) = postSolution
		SolutionGuid = {C2747F17-3021-4A5B-B615-D05460BF71DF}
	EndGlobalSection
EndGlobal
